
Microsoft Visual Studio Solution File, Format Version 12.00
# Visual Studio Version 17
VisualStudioVersion = 17.4.33213.308
MinimumVisualStudioVersion = 10.0.40219.1
Project("{FAE04EC0-301F-11D3-BF4B-00C04F79EFBC}") = "lab1", "lab1\lab1.csproj", "{D65BBAD9-67A7-4EA1-89BF-699B3422EB37}"
EndProject
Global
	GlobalSection(SolutionConfigurationPlatforms) = preSolution
		Debug|Any CPU = Debug|Any CPU
		Release|Any CPU = Release|Any CPU
	EndGlobalSection
	GlobalSection(ProjectConfigurationPlatforms) = postSolution
		{D65BBAD9-67A7-4EA1-89BF-699B3422EB37}.Debug|Any CPU.ActiveCfg = Debug|Any CPU
		{D65BBAD9-67A7-4EA1-89BF-699B3422EB37}.Debug|Any CPU.Build.0 = Debug|Any CPU
		{D65BBAD9-67A7-4EA1-89BF-699B3422EB37}.Release|Any CPU.ActiveCfg = Release|Any CPU
		{D65BBAD9-67A7-4EA1-89BF-699B3422EB37}.Release|Any CPU.Build.0 = Release|Any CPU
	EndGlobalSection
	GlobalSection(SolutionProperties) = preSolution
		HideSolutionNode = FALSE
	EndGlobalSection
	GlobalSection(ExtensibilityGlobals) = postSolution
		SolutionGuid = {66A33598-9BD5-4164-BFB7-651C25EAA927}
	EndGlobalSection
EndGlobal
